github.com/davecgh/go-spew v1.1.1 h1:vj9j/u1bqnvCEfJOwUhtlOARqs3+rkHYY13jYWTU97c=
github.com/davecgh/go-spew v1.1.1/go.mod h1:J7Y8YcW2NihsgmVo/mv3lAwl/skON4iLHjSsI+c5H38=
github.com/go-logr/logr v0.4.0 h1:K7/B1jt6fIBQVd4Owv2MqGQClcgf0R266+7C/QjRcLc=
github.com/go-logr/logr v0.4.0/go.mod h1:z6/tIYblkpsD+a4lm/fGIIU9mZ+XfAiaFtq7xTgseGU=
github.com/paulcarlton-ww/goutils/pkg/testutils v0.0.18/go.mod h1:ZkmzpD5iP3HImViwI4xQFwgeEQ4BlytmUzfGuqfccj8=
